{
  "name": "tests",
  "version": "0.0.1",
  "lockfileVersion": 1,
  "requires": true,
  "dependencies": {
    "unity-n-events": {
      "version": "github:shadowmint/unity-n-events#df4e0bd024d0d769d5494ff76bc58b43815814b6"
    },
    "unity-n-input": {
      "version": "file:..",
      "requires": {
        "unity-n-events": "github:shadowmint/unity-n-events#df4e0bd024d0d769d5494ff76bc58b43815814b6"
      }
    },
    "unity-n-tests": {
      "version": "github:shadowmint/unity-n-tests#caf8d1d2d0bb4e789d57e540c4c99f16097aa86b"
    }
  }
}
