{
  "name": "tests",
  "version": "0.0.1",
  "lockfileVersion": 1,
  "requires": true,
  "dependencies": {
    "unity-n-input": {
      "version": "file:.."
    },
    "unity-n-tests": {
      "version": "github:shadowmint/unity-n-tests#bd790b0912127af775ed72d41f3d28a0ca5549b7",
      "from": "github:shadowmint/unity-n-tests"
    }
  }
}
