{
  "name": "tests",
  "version": "0.0.1",
  "lockfileVersion": 1,
  "requires": true,
  "dependencies": {
    "unity-n-events": {
      "version": "github:shadowmint/unity-n-events#f9c8a509173585fea4aca660def1095130efd78a",
      "from": "github:shadowmint/unity-n-events#2.0.0"
    },
    "unity-n-input": {
      "version": "file:..",
      "requires": {
        "unity-n-events": "github:shadowmint/unity-n-events#f9c8a509173585fea4aca660def1095130efd78a"
      }
    },
    "unity-n-tests": {
      "version": "github:shadowmint/unity-n-tests#bd790b0912127af775ed72d41f3d28a0ca5549b7",
      "from": "github:shadowmint/unity-n-tests"
    }
  }
}
